
Microsoft Visual Studio Solution File, Format Version 12.00
# Visual Studio Version 16
VisualStudioVersion = 16.0.31129.286
MinimumVisualStudioVersion = 10.0.40219.1
Project("{9A19103F-16F7-4668-BE54-9A1E7A4F7556}") = "RESTful.API", "RESTful.API\RESTful.API.csproj", "{1F32A94E-2AE0-4C94-AC57-D40AE7F83D00}"
EndProject
Project("{9A19103F-16F7-4668-BE54-9A1E7A4F7556}") = "RESTful.Core", "RESTful.Core\RESTful.Core.csproj", "{8179A8E4-D24A-42CB-AD70-697BBBB58066}"
EndProject
Project("{9A19103F-16F7-4668-BE54-9A1E7A4F7556}") = "RESTful.Infrastructure", "RESTful.Infrastructure\RESTful.Infrastructure.csproj", "{7C211577-E675-4096-B1FB-FEDF6B7BF776}"
EndProject
Global
	GlobalSection(SolutionConfigurationPlatforms) = preSolution
		Debug|Any CPU = Debug|Any CPU
		Release|Any CPU = Release|Any CPU
	EndGlobalSection
	GlobalSection(ProjectConfigurationPlatforms) = postSolution
		{1F32A94E-2AE0-4C94-AC57-D40AE7F83D00}.Debug|Any CPU.ActiveCfg = Debug|Any CPU
		{1F32A94E-2AE0-4C94-AC57-D40AE7F83D00}.Debug|Any CPU.Build.0 = Debug|Any CPU
		{1F32A94E-2AE0-4C94-AC57-D40AE7F83D00}.Release|Any CPU.ActiveCfg = Release|Any CPU
		{1F32A94E-2AE0-4C94-AC57-D40AE7F83D00}.Release|Any CPU.Build.0 = Release|Any CPU
		{8179A8E4-D24A-42CB-AD70-697BBBB58066}.Debug|Any CPU.ActiveCfg = Debug|Any CPU
		{8179A8E4-D24A-42CB-AD70-697BBBB58066}.Debug|Any CPU.Build.0 = Debug|Any CPU
		{8179A8E4-D24A-42CB-AD70-697BBBB58066}.Release|Any CPU.ActiveCfg = Release|Any CPU
		{8179A8E4-D24A-42CB-AD70-697BBBB58066}.Release|Any CPU.Build.0 = Release|Any CPU
		{7C211577-E675-4096-B1FB-FEDF6B7BF776}.Debug|Any CPU.ActiveCfg = Debug|Any CPU
		{7C211577-E675-4096-B1FB-FEDF6B7BF776}.Debug|Any CPU.Build.0 = Debug|Any CPU
		{7C211577-E675-4096-B1FB-FEDF6B7BF776}.Release|Any CPU.ActiveCfg = Release|Any CPU
		{7C211577-E675-4096-B1FB-FEDF6B7BF776}.Release|Any CPU.Build.0 = Release|Any CPU
	EndGlobalSection
	GlobalSection(SolutionProperties) = preSolution
		HideSolutionNode = FALSE
	EndGlobalSection
	GlobalSection(ExtensibilityGlobals) = postSolution
		SolutionGuid = {AEE53251-0183-4EF5-B507-4BE12BFDA391}
	EndGlobalSection
EndGlobal
